
Microsoft Visual Studio Solution File, Format Version 12.00
# Visual Studio Version 16
VisualStudioVersion = 16.0.32126.315
MinimumVisualStudioVersion = 10.0.40219.1
Project("{9A19103F-16F7-4668-BE54-9A1E7A4F7556}") = "ArduinoCOM", "ArduinoCOM\ArduinoCOM.csproj", "{9A3503FB-DBC3-4634-B22C-7DF8200411DD}"
	ProjectSection(ProjectDependencies) = postProject
		{9F2E8CA7-F04F-4B06-B879-6EF0E43181BD} = {9F2E8CA7-F04F-4B06-B879-6EF0E43181BD}
	EndProjectSection
EndProject
Project("{9A19103F-16F7-4668-BE54-9A1E7A4F7556}") = "DemoSerial", "DemoSerial\DemoSerial.csproj", "{B1BBFB6E-9C39-4AD4-9CCC-15DCF59C0E1C}"
	ProjectSection(ProjectDependencies) = postProject
		{9F2E8CA7-F04F-4B06-B879-6EF0E43181BD} = {9F2E8CA7-F04F-4B06-B879-6EF0E43181BD}
	EndProjectSection
EndProject
Project("{9A19103F-16F7-4668-BE54-9A1E7A4F7556}") = "SerialManager", "SerialManager\SerialManager.csproj", "{9F2E8CA7-F04F-4B06-B879-6EF0E43181BD}"
EndProject
Project("{FAE04EC0-301F-11D3-BF4B-00C04F79EFBC}") = "ArduinoConsole", "ArduinoConsole\ArduinoConsole.csproj", "{E84E9B46-9CB3-41CE-864C-1B77F4344D57}"
	ProjectSection(ProjectDependencies) = postProject
		{9F2E8CA7-F04F-4B06-B879-6EF0E43181BD} = {9F2E8CA7-F04F-4B06-B879-6EF0E43181BD}
	EndProjectSection
EndProject
Global
	GlobalSection(SolutionConfigurationPlatforms) = preSolution
		Debug|Any CPU = Debug|Any CPU
		Release|Any CPU = Release|Any CPU
	EndGlobalSection
	GlobalSection(ProjectConfigurationPlatforms) = postSolution
		{9A3503FB-DBC3-4634-B22C-7DF8200411DD}.Debug|Any CPU.ActiveCfg = Debug|Any CPU
		{9A3503FB-DBC3-4634-B22C-7DF8200411DD}.Debug|Any CPU.Build.0 = Debug|Any CPU
		{9A3503FB-DBC3-4634-B22C-7DF8200411DD}.Release|Any CPU.ActiveCfg = Release|Any CPU
		{9A3503FB-DBC3-4634-B22C-7DF8200411DD}.Release|Any CPU.Build.0 = Release|Any CPU
		{B1BBFB6E-9C39-4AD4-9CCC-15DCF59C0E1C}.Debug|Any CPU.ActiveCfg = Debug|Any CPU
		{B1BBFB6E-9C39-4AD4-9CCC-15DCF59C0E1C}.Debug|Any CPU.Build.0 = Debug|Any CPU
		{B1BBFB6E-9C39-4AD4-9CCC-15DCF59C0E1C}.Release|Any CPU.ActiveCfg = Release|Any CPU
		{B1BBFB6E-9C39-4AD4-9CCC-15DCF59C0E1C}.Release|Any CPU.Build.0 = Release|Any CPU
		{9F2E8CA7-F04F-4B06-B879-6EF0E43181BD}.Debug|Any CPU.ActiveCfg = Debug|Any CPU
		{9F2E8CA7-F04F-4B06-B879-6EF0E43181BD}.Debug|Any CPU.Build.0 = Debug|Any CPU
		{9F2E8CA7-F04F-4B06-B879-6EF0E43181BD}.Release|Any CPU.ActiveCfg = Release|Any CPU
		{9F2E8CA7-F04F-4B06-B879-6EF0E43181BD}.Release|Any CPU.Build.0 = Release|Any CPU
		{E84E9B46-9CB3-41CE-864C-1B77F4344D57}.Debug|Any CPU.ActiveCfg = Debug|Any CPU
		{E84E9B46-9CB3-41CE-864C-1B77F4344D57}.Debug|Any CPU.Build.0 = Debug|Any CPU
		{E84E9B46-9CB3-41CE-864C-1B77F4344D57}.Release|Any CPU.ActiveCfg = Release|Any CPU
		{E84E9B46-9CB3-41CE-864C-1B77F4344D57}.Release|Any CPU.Build.0 = Release|Any CPU
	EndGlobalSection
	GlobalSection(SolutionProperties) = preSolution
		HideSolutionNode = FALSE
	EndGlobalSection
	GlobalSection(ExtensibilityGlobals) = postSolution
		SolutionGuid = {7367B824-B6B1-4183-A45A-0380CDF76C8C}
	EndGlobalSection
EndGlobal
